
Microsoft Visual Studio Solution File, Format Version 12.00
# Visual Studio Version 17
VisualStudioVersion = 17.14.36518.9 d17.14
MinimumVisualStudioVersion = 10.0.40219.1
Project("{FAE04EC0-301F-11D3-BF4B-00C04F79EFBC}") = "RanorexReport", "RanorexReport\RanorexReport.csproj", "{388A2D19-53B8-41F2-8055-DDCEF2890639}"
EndProject
Global
	GlobalSection(SolutionConfigurationPlatforms) = preSolution
		Debug|Any CPU = Debug|Any CPU
		Release|Any CPU = Release|Any CPU
	EndGlobalSection
	GlobalSection(ProjectConfigurationPlatforms) = postSolution
		{388A2D19-53B8-41F2-8055-DDCEF2890639}.Debug|Any CPU.ActiveCfg = Debug|Any CPU
		{388A2D19-53B8-41F2-8055-DDCEF2890639}.Debug|Any CPU.Build.0 = Debug|Any CPU
		{388A2D19-53B8-41F2-8055-DDCEF2890639}.Release|Any CPU.ActiveCfg = Release|Any CPU
		{388A2D19-53B8-41F2-8055-DDCEF2890639}.Release|Any CPU.Build.0 = Release|Any CPU
	EndGlobalSection
	GlobalSection(SolutionProperties) = preSolution
		HideSolutionNode = FALSE
	EndGlobalSection
	GlobalSection(ExtensibilityGlobals) = postSolution
		SolutionGuid = {5B59BA56-1B2B-493E-BAF1-900A28C5D7FB}
	EndGlobalSection
EndGlobal
